
Microsoft Visual Studio Solution File, Format Version 12.00
# Visual Studio Version 17
VisualStudioVersion = 17.7.34221.43
MinimumVisualStudioVersion = 10.0.40219.1
Project("{FAE04EC0-301F-11D3-BF4B-00C04F79EFBC}") = "WindowsFormsApp-GUI Project", "WindowsFormsApp-GUI Project\WindowsFormsApp-GUI Project.csproj", "{F5251776-B2B5-4EE4-BE19-75866FFBCEB9}"
EndProject
Global
	GlobalSection(SolutionConfigurationPlatforms) = preSolution
		Debug|Any CPU = Debug|Any CPU
		Release|Any CPU = Release|Any CPU
	EndGlobalSection
	GlobalSection(ProjectConfigurationPlatforms) = postSolution
		{F5251776-B2B5-4EE4-BE19-75866FFBCEB9}.Debug|Any CPU.ActiveCfg = Debug|Any CPU
		{F5251776-B2B5-4EE4-BE19-75866FFBCEB9}.Debug|Any CPU.Build.0 = Debug|Any CPU
		{F5251776-B2B5-4EE4-BE19-75866FFBCEB9}.Release|Any CPU.ActiveCfg = Release|Any CPU
		{F5251776-B2B5-4EE4-BE19-75866FFBCEB9}.Release|Any CPU.Build.0 = Release|Any CPU
	EndGlobalSection
	GlobalSection(SolutionProperties) = preSolution
		HideSolutionNode = FALSE
	EndGlobalSection
	GlobalSection(ExtensibilityGlobals) = postSolution
		SolutionGuid = {047101C8-619E-47F7-AF94-2BE381DDA5C0}
	EndGlobalSection
EndGlobal
